
Microsoft Visual Studio Solution File, Format Version 12.00
# Visual Studio 14
VisualStudioVersion = 14.0.25123.0
MinimumVisualStudioVersion = 10.0.40219.1
Project("{8BC9CEB8-8B4A-11D0-8D11-00A0C91BC942}") = "ggfx", "ggfx.vcxproj", "{990E185E-D63D-48E4-98B5-7070DFAC3F5C}"
EndProject
Project("{8BC9CEB8-8B4A-11D0-8D11-00A0C91BC942}") = "PBR", "examples\01 Physically Based Rendering\build\PBR.vcxproj", "{E3717B2F-4A03-4C48-94AC-1793BE99A836}"
	ProjectSection(ProjectDependencies) = postProject
		{990E185E-D63D-48E4-98B5-7070DFAC3F5C} = {990E185E-D63D-48E4-98B5-7070DFAC3F5C}
	EndProjectSection
EndProject
Global
	GlobalSection(SolutionConfigurationPlatforms) = preSolution
		Debug|x64 = Debug|x64
		Debug|x86 = Debug|x86
		Release|x64 = Release|x64
		Release|x86 = Release|x86
	EndGlobalSection
	GlobalSection(ProjectConfigurationPlatforms) = postSolution
		{990E185E-D63D-48E4-98B5-7070DFAC3F5C}.Debug|x64.ActiveCfg = Debug|x64
		{990E185E-D63D-48E4-98B5-7070DFAC3F5C}.Debug|x64.Build.0 = Debug|x64
		{990E185E-D63D-48E4-98B5-7070DFAC3F5C}.Debug|x86.ActiveCfg = Debug|Win32
		{990E185E-D63D-48E4-98B5-7070DFAC3F5C}.Debug|x86.Build.0 = Debug|Win32
		{990E185E-D63D-48E4-98B5-7070DFAC3F5C}.Release|x64.ActiveCfg = Release|x64
		{990E185E-D63D-48E4-98B5-7070DFAC3F5C}.Release|x64.Build.0 = Release|x64
		{990E185E-D63D-48E4-98B5-7070DFAC3F5C}.Release|x86.ActiveCfg = Release|Win32
		{990E185E-D63D-48E4-98B5-7070DFAC3F5C}.Release|x86.Build.0 = Release|Win32
		{E3717B2F-4A03-4C48-94AC-1793BE99A836}.Debug|x64.ActiveCfg = Debug|x64
		{E3717B2F-4A03-4C48-94AC-1793BE99A836}.Debug|x64.Build.0 = Debug|x64
		{E3717B2F-4A03-4C48-94AC-1793BE99A836}.Debug|x86.ActiveCfg = Debug|Win32
		{E3717B2F-4A03-4C48-94AC-1793BE99A836}.Debug|x86.Build.0 = Debug|Win32
		{E3717B2F-4A03-4C48-94AC-1793BE99A836}.Release|x64.ActiveCfg = Release|x64
		{E3717B2F-4A03-4C48-94AC-1793BE99A836}.Release|x64.Build.0 = Release|x64
		{E3717B2F-4A03-4C48-94AC-1793BE99A836}.Release|x86.ActiveCfg = Release|Win32
		{E3717B2F-4A03-4C48-94AC-1793BE99A836}.Release|x86.Build.0 = Release|Win32
	EndGlobalSection
	GlobalSection(SolutionProperties) = preSolution
		HideSolutionNode = FALSE
	EndGlobalSection
EndGlobal
