<?xml version="1.0" encoding="utf-8"?>
<Project ToolsVersion="4.0" xmlns="http://schemas.microsoft.com/developer/msbuild/2003">
  <ItemGroup>
    <Filter Include="Source Files">
      <UniqueIdentifier>{4FC737F1-C7A5-4376-A066-2A32D752A2FF}</UniqueIdentifier>
      <Extensions>cpp;c;cc;cxx;def;odl;idl;hpj;bat;asm;asmx</Extensions>
    </Filter>
    <Filter Include="Header Files">
      <UniqueIdentifier>{93995380-89BD-4b04-88EB-625FBE52EBFB}</UniqueIdentifier>
      <Extensions>h;hh;hpp;hxx;hm;inl;inc;xsd</Extensions>
    </Filter>
    <Filter Include="Resource Files">
      <UniqueIdentifier>{67DA6AB6-F800-4c08-8B7A-83BB121AAD01}</UniqueIdentifier>
      <Extensions>rc;ico;cur;bmp;dlg;rc2;rct;bin;rgs;gif;jpg;jpeg;jpe;resx;tiff;tif;png;wav;mfcribbon-ms</Extensions>
    </Filter>
    <Filter Include="Source Files\GL">
      <UniqueIdentifier>{e44cbabc-45fc-4f0e-9710-65504b52147a}</UniqueIdentifier>
    </Filter>
    <Filter Include="Source Files\imgui">
      <UniqueIdentifier>{9e854973-043b-4a8e-8256-ca66460d906b}</UniqueIdentifier>
    </Filter>
  </ItemGroup>
  <ItemGroup>
    <ClCompile Include="ggfx\util.cpp">
      <Filter>Source Files</Filter>
    </ClCompile>
    <ClCompile Include="ggfx\App.cpp">
      <Filter>Source Files</Filter>
    </ClCompile>
    <ClCompile Include="ggfx\DebugUI.cpp">
      <Filter>Source Files</Filter>
    </ClCompile>
    <ClCompile Include="ggfx\Input.cpp">
      <Filter>Source Files</Filter>
    </ClCompile>
    <ClCompile Include="ggfx\Log.cpp">
      <Filter>Source Files</Filter>
    </ClCompile>
    <ClCompile Include="ggfx\Texture.cpp">
      <Filter>Source Files</Filter>
    </ClCompile>
    <ClCompile Include="ggfx\GLFWWindow.cpp">
      <Filter>Source Files</Filter>
    </ClCompile>
    <ClCompile Include="ggfx\ShaderPipeline.cpp">
      <Filter>Source Files</Filter>
    </ClCompile>
    <ClCompile Include="ggfx\Assets.cpp">
      <Filter>Source Files</Filter>
    </ClCompile>
    <ClCompile Include="ggfx\ShaderEditing.cpp">
      <Filter>Source Files</Filter>
    </ClCompile>
    <ClCompile Include="thirdparty\src\GL\gl3w.c">
      <Filter>Source Files\GL</Filter>
    </ClCompile>
    <ClCompile Include="thirdparty\src\imgui\imgui.cpp">
      <Filter>Source Files\imgui</Filter>
    </ClCompile>
    <ClCompile Include="thirdparty\src\imgui\imgui_demo.cpp">
      <Filter>Source Files\imgui</Filter>
    </ClCompile>
    <ClCompile Include="thirdparty\src\imgui\imgui_draw.cpp">
      <Filter>Source Files\imgui</Filter>
    </ClCompile>
    <ClCompile Include="ggfx\Shader.cpp">
      <Filter>Source Files</Filter>
    </ClCompile>
    <ClCompile Include="ggfx\GPUBuffer.cpp">
      <Filter>Source Files</Filter>
    </ClCompile>
    <ClCompile Include="ggfx\GPUTimer.cpp">
      <Filter>Source Files</Filter>
    </ClCompile>
  </ItemGroup>
  <ItemGroup>
    <ClInclude Include="ggfx\ggfx.h">
      <Filter>Header Files</Filter>
    </ClInclude>
    <ClInclude Include="ggfx\types.h">
      <Filter>Header Files</Filter>
    </ClInclude>
    <ClInclude Include="ggfx\util.h">
      <Filter>Header Files</Filter>
    </ClInclude>
    <ClInclude Include="ggfx\App.h">
      <Filter>Header Files</Filter>
    </ClInclude>
    <ClInclude Include="ggfx\DebugUI.h">
      <Filter>Header Files</Filter>
    </ClInclude>
    <ClInclude Include="ggfx\Input.h">
      <Filter>Header Files</Filter>
    </ClInclude>
    <ClInclude Include="ggfx\Log.h">
      <Filter>Header Files</Filter>
    </ClInclude>
    <ClInclude Include="ggfx\Texture.h">
      <Filter>Header Files</Filter>
    </ClInclude>
    <ClInclude Include="ggfx\Window.h">
      <Filter>Header Files</Filter>
    </ClInclude>
    <ClInclude Include="ggfx\GLFWWindow.h">
      <Filter>Header Files</Filter>
    </ClInclude>
    <ClInclude Include="ggfx\ShaderPipeline.h">
      <Filter>Header Files</Filter>
    </ClInclude>
    <ClInclude Include="ggfx\Assets.h">
      <Filter>Header Files</Filter>
    </ClInclude>
    <ClInclude Include="ggfx\ShaderEditing.h">
      <Filter>Header Files</Filter>
    </ClInclude>
    <ClInclude Include="ggfx\Shader.h">
      <Filter>Header Files</Filter>
    </ClInclude>
    <ClInclude Include="ggfx\GPUBuffer.h">
      <Filter>Header Files</Filter>
    </ClInclude>
    <ClInclude Include="ggfx\GPUTimer.h">
      <Filter>Header Files</Filter>
    </ClInclude>
  </ItemGroup>
</Project>