// !$*UTF8*$!
{
	archiveVersion = 1;
	classes = {
	};
	objectVersion = 46;
	objects = {

/* Begin PBXBuildFile section */
		FC31D4091C9ACFD000D6DD18 /* libglfw3.a in Frameworks */ = {isa = PBXBuildFile; fileRef = FC31D4081C9ACFD000D6DD18 /* libglfw3.a */; };
		FC31D40B1C9ACFDE00D6DD18 /* OpenGL.framework in Frameworks */ = {isa = PBXBuildFile; fileRef = FC31D40A1C9ACFDE00D6DD18 /* OpenGL.framework */; };
		FC31D40D1C9ACFE300D6DD18 /* IOKit.framework in Frameworks */ = {isa = PBXBuildFile; fileRef = FC31D40C1C9ACFE300D6DD18 /* IOKit.framework */; };
		FC31D40F1C9ACFE800D6DD18 /* CoreVideo.framework in Frameworks */ = {isa = PBXBuildFile; fileRef = FC31D40E1C9ACFE800D6DD18 /* CoreVideo.framework */; };
		FC31D4111C9ACFFA00D6DD18 /* Cocoa.framework in Frameworks */ = {isa = PBXBuildFile; fileRef = FC31D4101C9ACFF900D6DD18 /* Cocoa.framework */; };
		FC8CA0AF1C9ACF4D009393FE /* libgl3w.a in Frameworks */ = {isa = PBXBuildFile; fileRef = FC8CA0AE1C9ACF4D009393FE /* libgl3w.a */; };
		FC8CA0B11C9ACF59009393FE /* Carbon.framework in Frameworks */ = {isa = PBXBuildFile; fileRef = FC8CA0B01C9ACF59009393FE /* Carbon.framework */; };
		FCCD8E371C9AB0710037540E /* main.cpp in Sources */ = {isa = PBXBuildFile; fileRef = FCCD8E361C9AB0710037540E /* main.cpp */; };
/* End PBXBuildFile section */

/* Begin PBXCopyFilesBuildPhase section */
		FCCD8E311C9AB0710037540E /* CopyFiles */ = {
			isa = PBXCopyFilesBuildPhase;
			buildActionMask = 2147483647;
			dstPath = /usr/share/man/man1;
			dstSubfolderSpec = 0;
			files = (
			);
			runOnlyForDeploymentPostprocessing = 1;
		};
/* End PBXCopyFilesBuildPhase section */

/* Begin PBXFileReference section */
		FC31D4081C9ACFD000D6DD18 /* libglfw3.a */ = {isa = PBXFileReference; lastKnownFileType = archive.ar; name = libglfw3.a; path = thirdparty/libglfw3.a; sourceTree = "<group>"; };
		FC31D40A1C9ACFDE00D6DD18 /* OpenGL.framework */ = {isa = PBXFileReference; lastKnownFileType = wrapper.framework; name = OpenGL.framework; path = System/Library/Frameworks/OpenGL.framework; sourceTree = SDKROOT; };
		FC31D40C1C9ACFE300D6DD18 /* IOKit.framework */ = {isa = PBXFileReference; lastKnownFileType = wrapper.framework; name = IOKit.framework; path = System/Library/Frameworks/IOKit.framework; sourceTree = SDKROOT; };
		FC31D40E1C9ACFE800D6DD18 /* CoreVideo.framework */ = {isa = PBXFileReference; lastKnownFileType = wrapper.framework; name = CoreVideo.framework; path = System/Library/Frameworks/CoreVideo.framework; sourceTree = SDKROOT; };
		FC31D4101C9ACFF900D6DD18 /* Cocoa.framework */ = {isa = PBXFileReference; lastKnownFileType = wrapper.framework; name = Cocoa.framework; path = System/Library/Frameworks/Cocoa.framework; sourceTree = SDKROOT; };
		FC8CA0AE1C9ACF4D009393FE /* libgl3w.a */ = {isa = PBXFileReference; lastKnownFileType = archive.ar; name = libgl3w.a; path = thirdparty/libgl3w.a; sourceTree = "<group>"; };
		FC8CA0B01C9ACF59009393FE /* Carbon.framework */ = {isa = PBXFileReference; lastKnownFileType = wrapper.framework; name = Carbon.framework; path = System/Library/Frameworks/Carbon.framework; sourceTree = SDKROOT; };
		FCCD8E331C9AB0710037540E /* ggfx */ = {isa = PBXFileReference; explicitFileType = "compiled.mach-o.executable"; includeInIndex = 0; path = ggfx; sourceTree = BUILT_PRODUCTS_DIR; };
		FCCD8E361C9AB0710037540E /* main.cpp */ = {isa = PBXFileReference; lastKnownFileType = sourcecode.cpp.cpp; path = main.cpp; sourceTree = "<group>"; };
/* End PBXFileReference section */

/* Begin PBXFrameworksBuildPhase section */
		FCCD8E301C9AB0710037540E /* Frameworks */ = {
			isa = PBXFrameworksBuildPhase;
			buildActionMask = 2147483647;
			files = (
				FC31D4111C9ACFFA00D6DD18 /* Cocoa.framework in Frameworks */,
				FC31D40F1C9ACFE800D6DD18 /* CoreVideo.framework in Frameworks */,
				FC31D40D1C9ACFE300D6DD18 /* IOKit.framework in Frameworks */,
				FC31D40B1C9ACFDE00D6DD18 /* OpenGL.framework in Frameworks */,
				FC8CA0B11C9ACF59009393FE /* Carbon.framework in Frameworks */,
				FC8CA0AF1C9ACF4D009393FE /* libgl3w.a in Frameworks */,
				FC31D4091C9ACFD000D6DD18 /* libglfw3.a in Frameworks */,
			);
			runOnlyForDeploymentPostprocessing = 0;
		};
/* End PBXFrameworksBuildPhase section */

/* Begin PBXGroup section */
		FCCD8E2A1C9AB0710037540E = {
			isa = PBXGroup;
			children = (
				FC31D4101C9ACFF900D6DD18 /* Cocoa.framework */,
				FC31D40E1C9ACFE800D6DD18 /* CoreVideo.framework */,
				FC31D40C1C9ACFE300D6DD18 /* IOKit.framework */,
				FC31D40A1C9ACFDE00D6DD18 /* OpenGL.framework */,
				FC8CA0B01C9ACF59009393FE /* Carbon.framework */,
				FC31D4081C9ACFD000D6DD18 /* libglfw3.a */,
				FC8CA0AE1C9ACF4D009393FE /* libgl3w.a */,
				FCCD8E351C9AB0710037540E /* ggfx */,
				FCCD8E341C9AB0710037540E /* Products */,
			);
			sourceTree = "<group>";
		};
		FCCD8E341C9AB0710037540E /* Products */ = {
			isa = PBXGroup;
			children = (
				FCCD8E331C9AB0710037540E /* ggfx */,
			);
			name = Products;
			sourceTree = "<group>";
		};
		FCCD8E351C9AB0710037540E /* ggfx */ = {
			isa = PBXGroup;
			children = (
				FCCD8E361C9AB0710037540E /* main.cpp */,
			);
			path = ggfx;
			sourceTree = "<group>";
		};
/* End PBXGroup section */

/* Begin PBXNativeTarget section */
		FCCD8E321C9AB0710037540E /* ggfx */ = {
			isa = PBXNativeTarget;
			buildConfigurationList = FCCD8E3A1C9AB0710037540E /* Build configuration list for PBXNativeTarget "ggfx" */;
			buildPhases = (
				FCCD8E2F1C9AB0710037540E /* Sources */,
				FCCD8E301C9AB0710037540E /* Frameworks */,
				FCCD8E311C9AB0710037540E /* CopyFiles */,
			);
			buildRules = (
			);
			dependencies = (
			);
			name = ggfx;
			productName = ggfx;
			productReference = FCCD8E331C9AB0710037540E /* ggfx */;
			productType = "com.apple.product-type.tool";
		};
/* End PBXNativeTarget section */

/* Begin PBXProject section */
		FCCD8E2B1C9AB0710037540E /* Project object */ = {
			isa = PBXProject;
			attributes = {
				LastUpgradeCheck = 0700;
				ORGANIZATIONNAME = "Joonatan Sörensen";
				TargetAttributes = {
					FCCD8E321C9AB0710037540E = {
						CreatedOnToolsVersion = 7.0;
					};
				};
			};
			buildConfigurationList = FCCD8E2E1C9AB0710037540E /* Build configuration list for PBXProject "ggfx" */;
			compatibilityVersion = "Xcode 3.2";
			developmentRegion = English;
			hasScannedForEncodings = 0;
			knownRegions = (
				en,
			);
			mainGroup = FCCD8E2A1C9AB0710037540E;
			productRefGroup = FCCD8E341C9AB0710037540E /* Products */;
			projectDirPath = "";
			projectRoot = "";
			targets = (
				FCCD8E321C9AB0710037540E /* ggfx */,
			);
		};
/* End PBXProject section */

/* Begin PBXSourcesBuildPhase section */
		FCCD8E2F1C9AB0710037540E /* Sources */ = {
			isa = PBXSourcesBuildPhase;
			buildActionMask = 2147483647;
			files = (
				FCCD8E371C9AB0710037540E /* main.cpp in Sources */,
			);
			runOnlyForDeploymentPostprocessing = 0;
		};
/* End PBXSourcesBuildPhase section */

/* Begin XCBuildConfiguration section */
		FCCD8E381C9AB0710037540E /* Debug */ = {
			isa = XCBuildConfiguration;
			buildSettings = {
				ALWAYS_SEARCH_USER_PATHS = NO;
				CLANG_CXX_LANGUAGE_STANDARD = "gnu++0x";
				CLANG_CXX_LIBRARY = "libc++";
				CLANG_ENABLE_MODULES = YES;
				CLANG_ENABLE_OBJC_ARC = YES;
				CLANG_WARN_BOOL_CONVERSION = YES;
				CLANG_WARN_CONSTANT_CONVERSION = YES;
				CLANG_WARN_DIRECT_OBJC_ISA_USAGE = YES_ERROR;
				CLANG_WARN_EMPTY_BODY = YES;
				CLANG_WARN_ENUM_CONVERSION = YES;
				CLANG_WARN_INT_CONVERSION = YES;
				CLANG_WARN_OBJC_ROOT_CLASS = YES_ERROR;
				CLANG_WARN_UNREACHABLE_CODE = YES;
				CLANG_WARN__DUPLICATE_METHOD_MATCH = YES;
				COPY_PHASE_STRIP = NO;
				DEBUG_INFORMATION_FORMAT = dwarf;
				ENABLE_STRICT_OBJC_MSGSEND = YES;
				ENABLE_TESTABILITY = YES;
				GCC_C_LANGUAGE_STANDARD = gnu99;
				GCC_DYNAMIC_NO_PIC = NO;
				GCC_NO_COMMON_BLOCKS = YES;
				GCC_OPTIMIZATION_LEVEL = 0;
				GCC_PREPROCESSOR_DEFINITIONS = (
					"DEBUG=1",
					"$(inherited)",
				);
				GCC_WARN_64_TO_32_BIT_CONVERSION = YES;
				GCC_WARN_ABOUT_RETURN_TYPE = YES_ERROR;
				GCC_WARN_UNDECLARED_SELECTOR = YES;
				GCC_WARN_UNINITIALIZED_AUTOS = YES_AGGRESSIVE;
				GCC_WARN_UNUSED_FUNCTION = YES;
				GCC_WARN_UNUSED_VARIABLE = YES;
				MACOSX_DEPLOYMENT_TARGET = 10.11;
				MTL_ENABLE_DEBUG_INFO = YES;
				ONLY_ACTIVE_ARCH = YES;
				SDKROOT = macosx;
			};
			name = Debug;
		};
		FCCD8E391C9AB0710037540E /* Release */ = {
			isa = XCBuildConfiguration;
			buildSettings = {
				ALWAYS_SEARCH_USER_PATHS = NO;
				CLANG_CXX_LANGUAGE_STANDARD = "gnu++0x";
				CLANG_CXX_LIBRARY = "libc++";
				CLANG_ENABLE_MODULES = YES;
				CLANG_ENABLE_OBJC_ARC = YES;
				CLANG_WARN_BOOL_CONVERSION = YES;
				CLANG_WARN_CONSTANT_CONVERSION = YES;
				CLANG_WARN_DIRECT_OBJC_ISA_USAGE = YES_ERROR;
				CLANG_WARN_EMPTY_BODY = YES;
				CLANG_WARN_ENUM_CONVERSION = YES;
				CLANG_WARN_INT_CONVERSION = YES;
				CLANG_WARN_OBJC_ROOT_CLASS = YES_ERROR;
				CLANG_WARN_UNREACHABLE_CODE = YES;
				CLANG_WARN__DUPLICATE_METHOD_MATCH = YES;
				COPY_PHASE_STRIP = NO;
				DEBUG_INFORMATION_FORMAT = "dwarf-with-dsym";
				ENABLE_NS_ASSERTIONS = NO;
				ENABLE_STRICT_OBJC_MSGSEND = YES;
				GCC_C_LANGUAGE_STANDARD = gnu99;
				GCC_NO_COMMON_BLOCKS = YES;
				GCC_WARN_64_TO_32_BIT_CONVERSION = YES;
				GCC_WARN_ABOUT_RETURN_TYPE = YES_ERROR;
				GCC_WARN_UNDECLARED_SELECTOR = YES;
				GCC_WARN_UNINITIALIZED_AUTOS = YES_AGGRESSIVE;
				GCC_WARN_UNUSED_FUNCTION = YES;
				GCC_WARN_UNUSED_VARIABLE = YES;
				MACOSX_DEPLOYMENT_TARGET = 10.11;
				MTL_ENABLE_DEBUG_INFO = NO;
				SDKROOT = macosx;
			};
			name = Release;
		};
		FCCD8E3B1C9AB0710037540E /* Debug */ = {
			isa = XCBuildConfiguration;
			buildSettings = {
				HEADER_SEARCH_PATHS = thirdparty/include;
				LIBRARY_SEARCH_PATHS = (
					"$(inherited)",
					"$(PROJECT_DIR)/thirdparty",
				);
				PRODUCT_NAME = "$(TARGET_NAME)";
			};
			name = Debug;
		};
		FCCD8E3C1C9AB0710037540E /* Release */ = {
			isa = XCBuildConfiguration;
			buildSettings = {
				HEADER_SEARCH_PATHS = thirdparty/include;
				LIBRARY_SEARCH_PATHS = (
					"$(inherited)",
					"$(PROJECT_DIR)/thirdparty",
				);
				PRODUCT_NAME = "$(TARGET_NAME)";
			};
			name = Release;
		};
/* End XCBuildConfiguration section */

/* Begin XCConfigurationList section */
		FCCD8E2E1C9AB0710037540E /* Build configuration list for PBXProject "ggfx" */ = {
			isa = XCConfigurationList;
			buildConfigurations = (
				FCCD8E381C9AB0710037540E /* Debug */,
				FCCD8E391C9AB0710037540E /* Release */,
			);
			defaultConfigurationIsVisible = 0;
			defaultConfigurationName = Release;
		};
		FCCD8E3A1C9AB0710037540E /* Build configuration list for PBXNativeTarget "ggfx" */ = {
			isa = XCConfigurationList;
			buildConfigurations = (
				FCCD8E3B1C9AB0710037540E /* Debug */,
				FCCD8E3C1C9AB0710037540E /* Release */,
			);
			defaultConfigurationIsVisible = 0;
			defaultConfigurationName = Release;
		};
/* End XCConfigurationList section */
	};
	rootObject = FCCD8E2B1C9AB0710037540E /* Project object */;
}
